
Microsoft Visual Studio Solution File, Format Version 12.00
# Visual Studio Version 17
VisualStudioVersion = 17.4.33110.190
MinimumVisualStudioVersion = 10.0.40219.1
Project("{FAE04EC0-301F-11D3-BF4B-00C04F79EFBC}") = "Program", "the-depot\Program.csproj", "{CC7BE4B0-9CD9-4707-9404-11BE830D1198}"
EndProject
Project("{FAE04EC0-301F-11D3-BF4B-00C04F79EFBC}") = "TheDepot.Tests", "TheDepot.Tests\TheDepot.Tests.csproj", "{CCC1563F-4723-433E-A23B-280D99685AB8}"
EndProject
Global
	GlobalSection(SolutionConfigurationPlatforms) = preSolution
		Debug|Any CPU = Debug|Any CPU
		Release|Any CPU = Release|Any CPU
	EndGlobalSection
	GlobalSection(ProjectConfigurationPlatforms) = postSolution
		{5775D8BA-B786-45A7-9F8D-B84C19D74BD3}.Debug|Any CPU.ActiveCfg = Debug|Any CPU
		{5775D8BA-B786-45A7-9F8D-B84C19D74BD3}.Debug|Any CPU.Build.0 = Debug|Any CPU
		{5775D8BA-B786-45A7-9F8D-B84C19D74BD3}.Release|Any CPU.ActiveCfg = Release|Any CPU
		{5775D8BA-B786-45A7-9F8D-B84C19D74BD3}.Release|Any CPU.Build.0 = Release|Any CPU
		{CC7BE4B0-9CD9-4707-9404-11BE830D1198}.Debug|Any CPU.ActiveCfg = Debug|Any CPU
		{CC7BE4B0-9CD9-4707-9404-11BE830D1198}.Debug|Any CPU.Build.0 = Debug|Any CPU
		{CC7BE4B0-9CD9-4707-9404-11BE830D1198}.Release|Any CPU.ActiveCfg = Release|Any CPU
		{CC7BE4B0-9CD9-4707-9404-11BE830D1198}.Release|Any CPU.Build.0 = Release|Any CPU
		{CCC1563F-4723-433E-A23B-280D99685AB8}.Debug|Any CPU.ActiveCfg = Debug|Any CPU
		{CCC1563F-4723-433E-A23B-280D99685AB8}.Debug|Any CPU.Build.0 = Debug|Any CPU
		{CCC1563F-4723-433E-A23B-280D99685AB8}.Release|Any CPU.ActiveCfg = Release|Any CPU
		{CCC1563F-4723-433E-A23B-280D99685AB8}.Release|Any CPU.Build.0 = Release|Any CPU
	EndGlobalSection
	GlobalSection(SolutionProperties) = preSolution
		HideSolutionNode = FALSE
	EndGlobalSection
	GlobalSection(ExtensibilityGlobals) = postSolution
		SolutionGuid = {945D7526-7D99-44B2-90DB-B6CEDFB5BCF3}
	EndGlobalSection
EndGlobal
